
Microsoft Visual Studio Solution File, Format Version 10.00
# Visual Studio 2008
Project("{8BC9CEB8-8B4A-11D0-8D11-00A0C91BC942}") = "libcommon", "libcommon\libcommon.vcproj", "{3E305A09-1485-4DEF-87B4-1402561666C8}"
EndProject
Project("{8BC9CEB8-8B4A-11D0-8D11-00A0C91BC942}") = "acoral", "acoral\acoral.vcproj", "{DB85CF5B-AC23-4F5F-8CB1-53E86A6919F8}"
	ProjectSection(ProjectDependencies) = postProject
		{3E305A09-1485-4DEF-87B4-1402561666C8} = {3E305A09-1485-4DEF-87B4-1402561666C8}
	EndProjectSection
EndProject
Global
	GlobalSection(SolutionConfigurationPlatforms) = preSolution
		Debug|Win32 = Debug|Win32
		Release|Win32 = Release|Win32
	EndGlobalSection
	GlobalSection(ProjectConfigurationPlatforms) = postSolution
		{3E305A09-1485-4DEF-87B4-1402561666C8}.Debug|Win32.ActiveCfg = Debug|Win32
		{3E305A09-1485-4DEF-87B4-1402561666C8}.Debug|Win32.Build.0 = Debug|Win32
		{3E305A09-1485-4DEF-87B4-1402561666C8}.Release|Win32.ActiveCfg = Release|Win32
		{3E305A09-1485-4DEF-87B4-1402561666C8}.Release|Win32.Build.0 = Release|Win32
		{DB85CF5B-AC23-4F5F-8CB1-53E86A6919F8}.Debug|Win32.ActiveCfg = Debug|Win32
		{DB85CF5B-AC23-4F5F-8CB1-53E86A6919F8}.Debug|Win32.Build.0 = Debug|Win32
		{DB85CF5B-AC23-4F5F-8CB1-53E86A6919F8}.Release|Win32.ActiveCfg = Release|Win32
		{DB85CF5B-AC23-4F5F-8CB1-53E86A6919F8}.Release|Win32.Build.0 = Release|Win32
	EndGlobalSection
	GlobalSection(SolutionProperties) = preSolution
		HideSolutionNode = FALSE
	EndGlobalSection
EndGlobal
